
Microsoft Visual Studio Solution File, Format Version 12.00
# Visual Studio Version 16
VisualStudioVersion = 16.0.30204.135
MinimumVisualStudioVersion = 10.0.40219.1
Project("{FAE04EC0-301F-11D3-BF4B-00C04F79EFBC}") = "Diary", "Diary\Diary.csproj", "{007856AC-879F-45F1-96FB-93444D32D4DA}"
EndProject
Global
	GlobalSection(SolutionConfigurationPlatforms) = preSolution
		Debug|Any CPU = Debug|Any CPU
		Release|Any CPU = Release|Any CPU
	EndGlobalSection
	GlobalSection(ProjectConfigurationPlatforms) = postSolution
		{007856AC-879F-45F1-96FB-93444D32D4DA}.Debug|Any CPU.ActiveCfg = Debug|Any CPU
		{007856AC-879F-45F1-96FB-93444D32D4DA}.Debug|Any CPU.Build.0 = Debug|Any CPU
		{007856AC-879F-45F1-96FB-93444D32D4DA}.Release|Any CPU.ActiveCfg = Release|Any CPU
		{007856AC-879F-45F1-96FB-93444D32D4DA}.Release|Any CPU.Build.0 = Release|Any CPU
	EndGlobalSection
	GlobalSection(SolutionProperties) = preSolution
		HideSolutionNode = FALSE
	EndGlobalSection
	GlobalSection(ExtensibilityGlobals) = postSolution
		SolutionGuid = {11FA389C-252B-4B9D-8C6E-0665677A0427}
	EndGlobalSection
EndGlobal
